// !$*UTF8*$!
{
	archiveVersion = 1;
	classes = {
	};
	objectVersion = 46;
	objects = {

/* Begin PBXBuildFile section */
		F0FC61911E14C6DA005CAF91 /* AppDelegate.swift in Sources */ = {isa = PBXBuildFile; fileRef = F0FC61901E14C6DA005CAF91 /* AppDelegate.swift */; };
		F0FC61931E14C6DA005CAF91 /* ViewController.swift in Sources */ = {isa = PBXBuildFile; fileRef = F0FC61921E14C6DA005CAF91 /* ViewController.swift */; };
		F0FC61961E14C6DA005CAF91 /* Main.storyboard in Resources */ = {isa = PBXBuildFile; fileRef = F0FC61941E14C6DA005CAF91 /* Main.storyboard */; };
		F0FC61981E14C6DA005CAF91 /* Assets.xcassets in Resources */ = {isa = PBXBuildFile; fileRef = F0FC61971E14C6DA005CAF91 /* Assets.xcassets */; };
		F0FC619B1E14C6DA005CAF91 /* LaunchScreen.storyboard in Resources */ = {isa = PBXBuildFile; fileRef = F0FC61991E14C6DA005CAF91 /* LaunchScreen.storyboard */; };
		F0FC61A31E14C7BF005CAF91 /* SecondViewController.swift in Sources */ = {isa = PBXBuildFile; fileRef = F0FC61A21E14C7BF005CAF91 /* SecondViewController.swift */; };
/* End PBXBuildFile section */

/* Begin PBXFileReference section */
		F0FC618D1E14C6DA005CAF91 /* NavigationBarDemo.app */ = {isa = PBXFileReference; explicitFileType = wrapper.application; includeInIndex = 0; path = NavigationBarDemo.app; sourceTree = BUILT_PRODUCTS_DIR; };
		F0FC61901E14C6DA005CAF91 /* AppDelegate.swift */ = {isa = PBXFileReference; lastKnownFileType = sourcecode.swift; path = AppDelegate.swift; sourceTree = "<group>"; };
		F0FC61921E14C6DA005CAF91 /* ViewController.swift */ = {isa = PBXFileReference; lastKnownFileType = sourcecode.swift; path = ViewController.swift; sourceTree = "<group>"; };
		F0FC61951E14C6DA005CAF91 /* Base */ = {isa = PBXFileReference; lastKnownFileType = file.storyboard; name = Base; path = Base.lproj/Main.storyboard; sourceTree = "<group>"; };
		F0FC61971E14C6DA005CAF91 /* Assets.xcassets */ = {isa = PBXFileReference; lastKnownFileType = folder.assetcatalog; path = Assets.xcassets; sourceTree = "<group>"; };
		F0FC619A1E14C6DA005CAF91 /* Base */ = {isa = PBXFileReference; lastKnownFileType = file.storyboard; name = Base; path = Base.lproj/LaunchScreen.storyboard; sourceTree = "<group>"; };
		F0FC619C1E14C6DA005CAF91 /* Info.plist */ = {isa = PBXFileReference; lastKnownFileType = text.plist.xml; path = Info.plist; sourceTree = "<group>"; };
		F0FC61A21E14C7BF005CAF91 /* SecondViewController.swift */ = {isa = PBXFileReference; fileEncoding = 4; lastKnownFileType = sourcecode.swift; name = SecondViewController.swift; path = ../SecondViewController.swift; sourceTree = "<group>"; };
		F0FC61A41E14CBA0005CAF91 /* HelveticaNeue.ttf */ = {isa = PBXFileReference; lastKnownFileType = file; path = HelveticaNeue.ttf; sourceTree = "<group>"; };
/* End PBXFileReference section */

/* Begin PBXFrameworksBuildPhase section */
		F0FC618A1E14C6DA005CAF91 /* Frameworks */ = {
			isa = PBXFrameworksBuildPhase;
			buildActionMask = 2147483647;
			files = (
			);
			runOnlyForDeploymentPostprocessing = 0;
		};
/* End PBXFrameworksBuildPhase section */

/* Begin PBXGroup section */
		F0FC61841E14C6DA005CAF91 = {
			isa = PBXGroup;
			children = (
				F0FC618F1E14C6DA005CAF91 /* NavigationBarDemo */,
				F0FC618E1E14C6DA005CAF91 /* Products */,
			);
			sourceTree = "<group>";
		};
		F0FC618E1E14C6DA005CAF91 /* Products */ = {
			isa = PBXGroup;
			children = (
				F0FC618D1E14C6DA005CAF91 /* NavigationBarDemo.app */,
			);
			name = Products;
			sourceTree = "<group>";
		};
		F0FC618F1E14C6DA005CAF91 /* NavigationBarDemo */ = {
			isa = PBXGroup;
			children = (
				F0FC61A41E14CBA0005CAF91 /* HelveticaNeue.ttf */,
				F0FC61901E14C6DA005CAF91 /* AppDelegate.swift */,
				F0FC61921E14C6DA005CAF91 /* ViewController.swift */,
				F0FC61A21E14C7BF005CAF91 /* SecondViewController.swift */,
				F0FC61941E14C6DA005CAF91 /* Main.storyboard */,
				F0FC61971E14C6DA005CAF91 /* Assets.xcassets */,
				F0FC61991E14C6DA005CAF91 /* LaunchScreen.storyboard */,
				F0FC619C1E14C6DA005CAF91 /* Info.plist */,
			);
			path = NavigationBarDemo;
			sourceTree = "<group>";
		};
/* End PBXGroup section */

/* Begin PBXNativeTarget section */
		F0FC618C1E14C6DA005CAF91 /* NavigationBarDemo */ = {
			isa = PBXNativeTarget;
			buildConfigurationList = F0FC619F1E14C6DA005CAF91 /* Build configuration list for PBXNativeTarget "NavigationBarDemo" */;
			buildPhases = (
				F0FC61891E14C6DA005CAF91 /* Sources */,
				F0FC618A1E14C6DA005CAF91 /* Frameworks */,
				F0FC618B1E14C6DA005CAF91 /* Resources */,
			);
			buildRules = (
			);
			dependencies = (
			);
			name = NavigationBarDemo;
			productName = NavigationBarDemo;
			productReference = F0FC618D1E14C6DA005CAF91 /* NavigationBarDemo.app */;
			productType = "com.apple.product-type.application";
		};
/* End PBXNativeTarget section */

/* Begin PBXProject section */
		F0FC61851E14C6DA005CAF91 /* Project object */ = {
			isa = PBXProject;
			attributes = {
				LastSwiftUpdateCheck = 0820;
				LastUpgradeCheck = 0820;
				ORGANIZATIONNAME = "Jony Singla";
				TargetAttributes = {
					F0FC618C1E14C6DA005CAF91 = {
						CreatedOnToolsVersion = 8.2.1;
						ProvisioningStyle = Automatic;
					};
				};
			};
			buildConfigurationList = F0FC61881E14C6DA005CAF91 /* Build configuration list for PBXProject "NavigationBarDemo" */;
			compatibilityVersion = "Xcode 3.2";
			developmentRegion = English;
			hasScannedForEncodings = 0;
			knownRegions = (
				en,
				Base,
			);
			mainGroup = F0FC61841E14C6DA005CAF91;
			productRefGroup = F0FC618E1E14C6DA005CAF91 /* Products */;
			projectDirPath = "";
			projectRoot = "";
			targets = (
				F0FC618C1E14C6DA005CAF91 /* NavigationBarDemo */,
			);
		};
/* End PBXProject section */

/* Begin PBXResourcesBuildPhase section */
		F0FC618B1E14C6DA005CAF91 /* Resources */ = {
			isa = PBXResourcesBuildPhase;
			buildActionMask = 2147483647;
			files = (
				F0FC619B1E14C6DA005CAF91 /* LaunchScreen.storyboard in Resources */,
				F0FC61981E14C6DA005CAF91 /* Assets.xcassets in Resources */,
				F0FC61961E14C6DA005CAF91 /* Main.storyboard in Resources */,
			);
			runOnlyForDeploymentPostprocessing = 0;
		};
/* End PBXResourcesBuildPhase section */

/* Begin PBXSourcesBuildPhase section */
		F0FC61891E14C6DA005CAF91 /* Sources */ = {
			isa = PBXSourcesBuildPhase;
			buildActionMask = 2147483647;
			files = (
				F0FC61A31E14C7BF005CAF91 /* SecondViewController.swift in Sources */,
				F0FC61931E14C6DA005CAF91 /* ViewController.swift in Sources */,
				F0FC61911E14C6DA005CAF91 /* AppDelegate.swift in Sources */,
			);
			runOnlyForDeploymentPostprocessing = 0;
		};
/* End PBXSourcesBuildPhase section */

/* Begin PBXVariantGroup section */
		F0FC61941E14C6DA005CAF91 /* Main.storyboard */ = {
			isa = PBXVariantGroup;
			children = (
				F0FC61951E14C6DA005CAF91 /* Base */,
			);
			name = Main.storyboard;
			sourceTree = "<group>";
		};
		F0FC61991E14C6DA005CAF91 /* LaunchScreen.storyboard */ = {
			isa = PBXVariantGroup;
			children = (
				F0FC619A1E14C6DA005CAF91 /* Base */,
			);
			name = LaunchScreen.storyboard;
			sourceTree = "<group>";
		};
/* End PBXVariantGroup section */

/* Begin XCBuildConfiguration section */
		F0FC619D1E14C6DA005CAF91 /* Debug */ = {
			isa = XCBuildConfiguration;
			buildSettings = {
				ALWAYS_SEARCH_USER_PATHS = NO;
				CLANG_ANALYZER_NONNULL = YES;
				CLANG_CXX_LANGUAGE_STANDARD = "gnu++0x";
				CLANG_CXX_LIBRARY = "libc++";
				CLANG_ENABLE_MODULES = YES;
				CLANG_ENABLE_OBJC_ARC = YES;
				CLANG_WARN_BOOL_CONVERSION = YES;
				CLANG_WARN_CONSTANT_CONVERSION = YES;
				CLANG_WARN_DIRECT_OBJC_ISA_USAGE = YES_ERROR;
				CLANG_WARN_DOCUMENTATION_COMMENTS = YES;
				CLANG_WARN_EMPTY_BODY = YES;
				CLANG_WARN_ENUM_CONVERSION = YES;
				CLANG_WARN_INFINITE_RECURSION = YES;
				CLANG_WARN_INT_CONVERSION = YES;
				CLANG_WARN_OBJC_ROOT_CLASS = YES_ERROR;
				CLANG_WARN_SUSPICIOUS_MOVE = YES;
				CLANG_WARN_UNREACHABLE_CODE = YES;
				CLANG_WARN__DUPLICATE_METHOD_MATCH = YES;
				"CODE_SIGN_IDENTITY[sdk=iphoneos*]" = "iPhone Developer";
				COPY_PHASE_STRIP = NO;
				DEBUG_INFORMATION_FORMAT = dwarf;
				ENABLE_STRICT_OBJC_MSGSEND = YES;
				ENABLE_TESTABILITY = YES;
				GCC_C_LANGUAGE_STANDARD = gnu99;
				GCC_DYNAMIC_NO_PIC = NO;
				GCC_NO_COMMON_BLOCKS = YES;
				GCC_OPTIMIZATION_LEVEL = 0;
				GCC_PREPROCESSOR_DEFINITIONS = (
					"DEBUG=1",
					"$(inherited)",
				);
				GCC_WARN_64_TO_32_BIT_CONVERSION = YES;
				GCC_WARN_ABOUT_RETURN_TYPE = YES_ERROR;
				GCC_WARN_UNDECLARED_SELECTOR = YES;
				GCC_WARN_UNINITIALIZED_AUTOS = YES_AGGRESSIVE;
				GCC_WARN_UNUSED_FUNCTION = YES;
				GCC_WARN_UNUSED_VARIABLE = YES;
				IPHONEOS_DEPLOYMENT_TARGET = 10.2;
				MTL_ENABLE_DEBUG_INFO = YES;
				ONLY_ACTIVE_ARCH = YES;
				SDKROOT = iphoneos;
				SWIFT_ACTIVE_COMPILATION_CONDITIONS = DEBUG;
				SWIFT_OPTIMIZATION_LEVEL = "-Onone";
				TARGETED_DEVICE_FAMILY = "1,2";
			};
			name = Debug;
		};
		F0FC619E1E14C6DA005CAF91 /* Release */ = {
			isa = XCBuildConfiguration;
			buildSettings = {
				ALWAYS_SEARCH_USER_PATHS = NO;
				CLANG_ANALYZER_NONNULL = YES;
				CLANG_CXX_LANGUAGE_STANDARD = "gnu++0x";
				CLANG_CXX_LIBRARY = "libc++";
				CLANG_ENABLE_MODULES = YES;
				CLANG_ENABLE_OBJC_ARC = YES;
				CLANG_WARN_BOOL_CONVERSION = YES;
				CLANG_WARN_CONSTANT_CONVERSION = YES;
				CLANG_WARN_DIRECT_OBJC_ISA_USAGE = YES_ERROR;
				CLANG_WARN_DOCUMENTATION_COMMENTS = YES;
				CLANG_WARN_EMPTY_BODY = YES;
				CLANG_WARN_ENUM_CONVERSION = YES;
				CLANG_WARN_INFINITE_RECURSION = YES;
				CLANG_WARN_INT_CONVERSION = YES;
				CLANG_WARN_OBJC_ROOT_CLASS = YES_ERROR;
				CLANG_WARN_SUSPICIOUS_MOVE = YES;
				CLANG_WARN_UNREACHABLE_CODE = YES;
				CLANG_WARN__DUPLICATE_METHOD_MATCH = YES;
				"CODE_SIGN_IDENTITY[sdk=iphoneos*]" = "iPhone Developer";
				COPY_PHASE_STRIP = NO;
				DEBUG_INFORMATION_FORMAT = "dwarf-with-dsym";
				ENABLE_NS_ASSERTIONS = NO;
				ENABLE_STRICT_OBJC_MSGSEND = YES;
				GCC_C_LANGUAGE_STANDARD = gnu99;
				GCC_NO_COMMON_BLOCKS = YES;
				GCC_WARN_64_TO_32_BIT_CONVERSION = YES;
				GCC_WARN_ABOUT_RETURN_TYPE = YES_ERROR;
				GCC_WARN_UNDECLARED_SELECTOR = YES;
				GCC_WARN_UNINITIALIZED_AUTOS = YES_AGGRESSIVE;
				GCC_WARN_UNUSED_FUNCTION = YES;
				GCC_WARN_UNUSED_VARIABLE = YES;
				IPHONEOS_DEPLOYMENT_TARGET = 10.2;
				MTL_ENABLE_DEBUG_INFO = NO;
				SDKROOT = iphoneos;
				SWIFT_OPTIMIZATION_LEVEL = "-Owholemodule";
				TARGETED_DEVICE_FAMILY = "1,2";
				VALIDATE_PRODUCT = YES;
			};
			name = Release;
		};
		F0FC61A01E14C6DA005CAF91 /* Debug */ = {
			isa = XCBuildConfiguration;
			buildSettings = {
				ASSETCATALOG_COMPILER_APPICON_NAME = AppIcon;
				INFOPLIST_FILE = NavigationBarDemo/Info.plist;
				LD_RUNPATH_SEARCH_PATHS = "$(inherited) @executable_path/Frameworks";
				PRODUCT_BUNDLE_IDENTIFIER = yourvoice.NavigationBarDemo;
				PRODUCT_NAME = "$(TARGET_NAME)";
				SWIFT_VERSION = 3.0;
			};
			name = Debug;
		};
		F0FC61A11E14C6DA005CAF91 /* Release */ = {
			isa = XCBuildConfiguration;
			buildSettings = {
				ASSETCATALOG_COMPILER_APPICON_NAME = AppIcon;
				INFOPLIST_FILE = NavigationBarDemo/Info.plist;
				LD_RUNPATH_SEARCH_PATHS = "$(inherited) @executable_path/Frameworks";
				PRODUCT_BUNDLE_IDENTIFIER = yourvoice.NavigationBarDemo;
				PRODUCT_NAME = "$(TARGET_NAME)";
				SWIFT_VERSION = 3.0;
			};
			name = Release;
		};
/* End XCBuildConfiguration section */

/* Begin XCConfigurationList section */
		F0FC61881E14C6DA005CAF91 /* Build configuration list for PBXProject "NavigationBarDemo" */ = {
			isa = XCConfigurationList;
			buildConfigurations = (
				F0FC619D1E14C6DA005CAF91 /* Debug */,
				F0FC619E1E14C6DA005CAF91 /* Release */,
			);
			defaultConfigurationIsVisible = 0;
			defaultConfigurationName = Release;
		};
		F0FC619F1E14C6DA005CAF91 /* Build configuration list for PBXNativeTarget "NavigationBarDemo" */ = {
			isa = XCConfigurationList;
			buildConfigurations = (
				F0FC61A01E14C6DA005CAF91 /* Debug */,
				F0FC61A11E14C6DA005CAF91 /* Release */,
			);
			defaultConfigurationIsVisible = 0;
			defaultConfigurationName = Release;
		};
/* End XCConfigurationList section */
	};
	rootObject = F0FC61851E14C6DA005CAF91 /* Project object */;
}
